{
  "version": "5",
  "specifiers": {
    "jsr:@std/yaml@*": "1.0.8",
    "jsr:@std/yaml@1.0.8": "1.0.8",
    "npm:re2-wasm@1.0.2": "1.0.2",
    "npm:tree-sitter-wasms@0.1.13": "0.1.13",
    "npm:web-tree-sitter@0.25.10": "0.25.10"
  },
  "jsr": {
    "@std/yaml@1.0.8": {
      "integrity": "90b8aab62995e929fa0ea5f4151c287275b63e321ac375c35ff7406ca60c169d"
    }
  },
  "npm": {
    "re2-wasm@1.0.2": {
      "integrity": "sha512-VXUdgSiUrE/WZXn6gUIVVIsg0+Hp6VPZPOaHCay+OuFKy6u/8ktmeNEf+U5qSA8jzGGFsg8jrDNu1BeHpz2pJA=="
    },
    "tree-sitter-wasms@0.1.13": {
      "integrity": "sha512-wT+cR6DwaIz80/vho3AvSF0N4txuNx/5bcRKoXouOfClpxh/qqrF4URNLQXbbt8MaAxeksZcZd1j8gcGjc+QxQ=="
    },
    "web-tree-sitter@0.25.10": {
      "integrity": "sha512-Y09sF44/13XvgVKgO2cNDw5rGk6s26MgoZPXLESvMXeefBf7i6/73eFurre0IsTW6E14Y0ArIzhUMmjoc7xyzA=="
    }
  },
  "workspace": {
    "dependencies": [
      "jsr:@std/yaml@1.0.8",
      "npm:re2-wasm@1.0.2",
      "npm:tree-sitter-wasms@0.1.13",
      "npm:web-tree-sitter@0.25.10"
    ]
  }
}
